# This file is automatically @generated by Cargo.
# It is not intended for manual editing.
version = 3

[[package]]
name = "anchor-lang"
version = "0.31.0"
source = "registry+https://github.com/rust-lang/crates.io-index"

[[package]]
name = "anchor-spl"
version = "0.31.0"
source = "registry+https://github.com/rust-lang/crates.io-index"

[[package]]
name = "md1usd"
version = "0.1.0"
dependencies = [
 "anchor-lang",
 "anchor-spl",
]
